
Microsoft Visual Studio Solution File, Format Version 12.00
# Visual Studio 15
VisualStudioVersion = 15.0.26403.3
MinimumVisualStudioVersion = 10.0.40219.1
Project("{FAE04EC0-301F-11D3-BF4B-00C04F79EFBC}") = "OutlookAddin", "OutlookAddin.csproj", "{433318CA-07D9-4792-B369-E77D985DDA9D}"
EndProject
Project("{FAE04EC0-301F-11D3-BF4B-00C04F79EFBC}") = "OutlookAddinWeb", "..\OutlookAddinWeb\OutlookAddinWeb.csproj", "{1722F986-EA9F-45AB-AC62-DF8E61A6AA4F}"
EndProject
Project("{FAE04EC0-301F-11D3-BF4B-00C04F79EFBC}") = "OutlookAddinInstaller", "..\OutlookAddinInstaller\OutlookAddinInstaller.csproj", "{4809DB91-0E1E-4601-B18A-66620546055F}"
EndProject
Project("{FAE04EC0-301F-11D3-BF4B-00C04F79EFBC}") = "OutlookAddinValidate.Test", "..\OutlookAddinValidate.Test\OutlookAddinValidate.Test.csproj", "{9A06A9C6-A2E3-4F6A-98AD-383C0148121A}"
EndProject
Global
	GlobalSection(SolutionConfigurationPlatforms) = preSolution
		Debug|Any CPU = Debug|Any CPU
		Release|Any CPU = Release|Any CPU
	EndGlobalSection
	GlobalSection(ProjectConfigurationPlatforms) = postSolution
		{433318CA-07D9-4792-B369-E77D985DDA9D}.Debug|Any CPU.ActiveCfg = Debug|Any CPU
		{433318CA-07D9-4792-B369-E77D985DDA9D}.Debug|Any CPU.Build.0 = Debug|Any CPU
		{433318CA-07D9-4792-B369-E77D985DDA9D}.Debug|Any CPU.Deploy.0 = Debug|Any CPU
		{433318CA-07D9-4792-B369-E77D985DDA9D}.Release|Any CPU.ActiveCfg = Release|Any CPU
		{433318CA-07D9-4792-B369-E77D985DDA9D}.Release|Any CPU.Build.0 = Release|Any CPU
		{433318CA-07D9-4792-B369-E77D985DDA9D}.Release|Any CPU.Deploy.0 = Release|Any CPU
		{1722F986-EA9F-45AB-AC62-DF8E61A6AA4F}.Debug|Any CPU.ActiveCfg = Debug|Any CPU
		{1722F986-EA9F-45AB-AC62-DF8E61A6AA4F}.Debug|Any CPU.Build.0 = Debug|Any CPU
		{1722F986-EA9F-45AB-AC62-DF8E61A6AA4F}.Release|Any CPU.ActiveCfg = Release|Any CPU
		{1722F986-EA9F-45AB-AC62-DF8E61A6AA4F}.Release|Any CPU.Build.0 = Release|Any CPU
		{4809DB91-0E1E-4601-B18A-66620546055F}.Debug|Any CPU.ActiveCfg = Debug|Any CPU
		{4809DB91-0E1E-4601-B18A-66620546055F}.Debug|Any CPU.Build.0 = Debug|Any CPU
		{4809DB91-0E1E-4601-B18A-66620546055F}.Release|Any CPU.ActiveCfg = Release|Any CPU
		{4809DB91-0E1E-4601-B18A-66620546055F}.Release|Any CPU.Build.0 = Release|Any CPU
		{9A06A9C6-A2E3-4F6A-98AD-383C0148121A}.Debug|Any CPU.ActiveCfg = Debug|Any CPU
		{9A06A9C6-A2E3-4F6A-98AD-383C0148121A}.Debug|Any CPU.Build.0 = Debug|Any CPU
		{9A06A9C6-A2E3-4F6A-98AD-383C0148121A}.Release|Any CPU.ActiveCfg = Release|Any CPU
		{9A06A9C6-A2E3-4F6A-98AD-383C0148121A}.Release|Any CPU.Build.0 = Release|Any CPU
	EndGlobalSection
	GlobalSection(SolutionProperties) = preSolution
		HideSolutionNode = FALSE
	EndGlobalSection
EndGlobal
